
Microsoft Visual Studio Solution File, Format Version 12.00
# Visual Studio Version 17
VisualStudioVersion = 17.5.002.0
MinimumVisualStudioVersion = 10.0.40219.1
Project("{9A19103F-16F7-4668-BE54-9A1E7A4F7556}") = "Semantic_Kernel", "Semantic_Kernel.csproj", "{754BFF35-E4C2-4E2D-9349-A3B5AF14CCAA}"
EndProject
Global
	GlobalSection(SolutionConfigurationPlatforms) = preSolution
		Debug|Any CPU = Debug|Any CPU
		Release|Any CPU = Release|Any CPU
	EndGlobalSection
	GlobalSection(ProjectConfigurationPlatforms) = postSolution
		{754BFF35-E4C2-4E2D-9349-A3B5AF14CCAA}.Debug|Any CPU.ActiveCfg = Debug|Any CPU
		{754BFF35-E4C2-4E2D-9349-A3B5AF14CCAA}.Debug|Any CPU.Build.0 = Debug|Any CPU
		{754BFF35-E4C2-4E2D-9349-A3B5AF14CCAA}.Release|Any CPU.ActiveCfg = Release|Any CPU
		{754BFF35-E4C2-4E2D-9349-A3B5AF14CCAA}.Release|Any CPU.Build.0 = Release|Any CPU
	EndGlobalSection
	GlobalSection(SolutionProperties) = preSolution
		HideSolutionNode = FALSE
	EndGlobalSection
	GlobalSection(ExtensibilityGlobals) = postSolution
		SolutionGuid = {761F59B3-2AB3-4AE0-B5DA-8C2CCC4514E8}
	EndGlobalSection
EndGlobal
