
Microsoft Visual Studio Solution File, Format Version 12.00
# Visual Studio Version 17
VisualStudioVersion = 17.0.31903.59
MinimumVisualStudioVersion = 10.0.40219.1
Project("{FAE04EC0-301F-11D3-BF4B-00C04F79EFBC}") = "ChatAPI", "ChatAPI\ChatAPI.csproj", "{367AFD89-5AB2-4985-A2AC-9207668155EA}"
EndProject
Project("{FAE04EC0-301F-11D3-BF4B-00C04F79EFBC}") = "Models", "Models\Models.csproj", "{CEDE41B3-2C84-4B6E-BD80-16FCFA7A1D02}"
EndProject
Project("{FAE04EC0-301F-11D3-BF4B-00C04F79EFBC}") = "Services", "Services\Services.csproj", "{9EEBEE7D-A9B4-49EF-9100-4F8BFE6059A8}"
EndProject
Global
	GlobalSection(SolutionConfigurationPlatforms) = preSolution
		Debug|Any CPU = Debug|Any CPU
		Release|Any CPU = Release|Any CPU
	EndGlobalSection
	GlobalSection(SolutionProperties) = preSolution
		HideSolutionNode = FALSE
	EndGlobalSection
	GlobalSection(ProjectConfigurationPlatforms) = postSolution
		{367AFD89-5AB2-4985-A2AC-9207668155EA}.Debug|Any CPU.ActiveCfg = Debug|Any CPU
		{367AFD89-5AB2-4985-A2AC-9207668155EA}.Debug|Any CPU.Build.0 = Debug|Any CPU
		{367AFD89-5AB2-4985-A2AC-9207668155EA}.Release|Any CPU.ActiveCfg = Release|Any CPU
		{367AFD89-5AB2-4985-A2AC-9207668155EA}.Release|Any CPU.Build.0 = Release|Any CPU
		{CEDE41B3-2C84-4B6E-BD80-16FCFA7A1D02}.Debug|Any CPU.ActiveCfg = Debug|Any CPU
		{CEDE41B3-2C84-4B6E-BD80-16FCFA7A1D02}.Debug|Any CPU.Build.0 = Debug|Any CPU
		{CEDE41B3-2C84-4B6E-BD80-16FCFA7A1D02}.Release|Any CPU.ActiveCfg = Release|Any CPU
		{CEDE41B3-2C84-4B6E-BD80-16FCFA7A1D02}.Release|Any CPU.Build.0 = Release|Any CPU
		{9EEBEE7D-A9B4-49EF-9100-4F8BFE6059A8}.Debug|Any CPU.ActiveCfg = Debug|Any CPU
		{9EEBEE7D-A9B4-49EF-9100-4F8BFE6059A8}.Debug|Any CPU.Build.0 = Debug|Any CPU
		{9EEBEE7D-A9B4-49EF-9100-4F8BFE6059A8}.Release|Any CPU.ActiveCfg = Release|Any CPU
		{9EEBEE7D-A9B4-49EF-9100-4F8BFE6059A8}.Release|Any CPU.Build.0 = Release|Any CPU
	EndGlobalSection
EndGlobal
